
Microsoft Visual Studio Solution File, Format Version 12.00
# Visual Studio Version 16
VisualStudioVersion = 16.0.33214.272
MinimumVisualStudioVersion = 10.0.40219.1
Project("{9A19103F-16F7-4668-BE54-9A1E7A4F7556}") = "Business", "Business\Business.csproj", "{D8D37916-297C-4895-89B3-6EF40E49C73B}"
EndProject
Project("{9A19103F-16F7-4668-BE54-9A1E7A4F7556}") = "Core", "Core\Core.csproj", "{DE2EFEE7-78A1-45BE-9EC3-3B7EC376C751}"
EndProject
Project("{9A19103F-16F7-4668-BE54-9A1E7A4F7556}") = "DataAccess", "DataAccess\DataAccess.csproj", "{5FC330BC-98E0-4C65-B921-B69580231A44}"
EndProject
Project("{9A19103F-16F7-4668-BE54-9A1E7A4F7556}") = "Entities", "Entities\Entities.csproj", "{274F5347-451D-4039-BE62-A410B136332F}"
EndProject
Project("{9A19103F-16F7-4668-BE54-9A1E7A4F7556}") = "WebApi", "WebApi\WebApi.csproj", "{FFBAB681-9285-48ED-B7D6-F19AD5E99E56}"
EndProject
Global
	GlobalSection(SolutionConfigurationPlatforms) = preSolution
		Debug|Any CPU = Debug|Any CPU
		Release|Any CPU = Release|Any CPU
	EndGlobalSection
	GlobalSection(ProjectConfigurationPlatforms) = postSolution
		{D8D37916-297C-4895-89B3-6EF40E49C73B}.Debug|Any CPU.ActiveCfg = Debug|Any CPU
		{D8D37916-297C-4895-89B3-6EF40E49C73B}.Debug|Any CPU.Build.0 = Debug|Any CPU
		{D8D37916-297C-4895-89B3-6EF40E49C73B}.Release|Any CPU.ActiveCfg = Release|Any CPU
		{D8D37916-297C-4895-89B3-6EF40E49C73B}.Release|Any CPU.Build.0 = Release|Any CPU
		{DE2EFEE7-78A1-45BE-9EC3-3B7EC376C751}.Debug|Any CPU.ActiveCfg = Debug|Any CPU
		{DE2EFEE7-78A1-45BE-9EC3-3B7EC376C751}.Debug|Any CPU.Build.0 = Debug|Any CPU
		{DE2EFEE7-78A1-45BE-9EC3-3B7EC376C751}.Release|Any CPU.ActiveCfg = Release|Any CPU
		{DE2EFEE7-78A1-45BE-9EC3-3B7EC376C751}.Release|Any CPU.Build.0 = Release|Any CPU
		{5FC330BC-98E0-4C65-B921-B69580231A44}.Debug|Any CPU.ActiveCfg = Debug|Any CPU
		{5FC330BC-98E0-4C65-B921-B69580231A44}.Debug|Any CPU.Build.0 = Debug|Any CPU
		{5FC330BC-98E0-4C65-B921-B69580231A44}.Release|Any CPU.ActiveCfg = Release|Any CPU
		{5FC330BC-98E0-4C65-B921-B69580231A44}.Release|Any CPU.Build.0 = Release|Any CPU
		{274F5347-451D-4039-BE62-A410B136332F}.Debug|Any CPU.ActiveCfg = Debug|Any CPU
		{274F5347-451D-4039-BE62-A410B136332F}.Debug|Any CPU.Build.0 = Debug|Any CPU
		{274F5347-451D-4039-BE62-A410B136332F}.Release|Any CPU.ActiveCfg = Release|Any CPU
		{274F5347-451D-4039-BE62-A410B136332F}.Release|Any CPU.Build.0 = Release|Any CPU
		{FFBAB681-9285-48ED-B7D6-F19AD5E99E56}.Debug|Any CPU.ActiveCfg = Debug|Any CPU
		{FFBAB681-9285-48ED-B7D6-F19AD5E99E56}.Debug|Any CPU.Build.0 = Debug|Any CPU
		{FFBAB681-9285-48ED-B7D6-F19AD5E99E56}.Release|Any CPU.ActiveCfg = Release|Any CPU
		{FFBAB681-9285-48ED-B7D6-F19AD5E99E56}.Release|Any CPU.Build.0 = Release|Any CPU
	EndGlobalSection
	GlobalSection(SolutionProperties) = preSolution
		HideSolutionNode = FALSE
	EndGlobalSection
	GlobalSection(ExtensibilityGlobals) = postSolution
		SolutionGuid = {A74E8A90-DAC1-4031-8692-8219CF285919}
	EndGlobalSection
EndGlobal
